
Microsoft Visual Studio Solution File, Format Version 12.00
# Visual Studio Version 16
VisualStudioVersion = 16.0.31313.79
MinimumVisualStudioVersion = 10.0.40219.1
Project("{FAE04EC0-301F-11D3-BF4B-00C04F79EFBC}") = "ConsoleAppCVAnalisis", "ConsoleAppCVAnalisis\ConsoleAppCVAnalisis.csproj", "{EA30F743-911C-406A-9F1C-80F766A1E795}"
EndProject
Project("{FAE04EC0-301F-11D3-BF4B-00C04F79EFBC}") = "ConsoleAppCV-OCR", "ConsoleAppCV-OCR\ConsoleAppCV-OCR.csproj", "{42CA5CE7-6B07-4099-9CA5-ECC9C0D8B10E}"
EndProject
Global
	GlobalSection(SolutionConfigurationPlatforms) = preSolution
		Debug|Any CPU = Debug|Any CPU
		Release|Any CPU = Release|Any CPU
	EndGlobalSection
	GlobalSection(ProjectConfigurationPlatforms) = postSolution
		{EA30F743-911C-406A-9F1C-80F766A1E795}.Debug|Any CPU.ActiveCfg = Debug|Any CPU
		{EA30F743-911C-406A-9F1C-80F766A1E795}.Debug|Any CPU.Build.0 = Debug|Any CPU
		{EA30F743-911C-406A-9F1C-80F766A1E795}.Release|Any CPU.ActiveCfg = Release|Any CPU
		{EA30F743-911C-406A-9F1C-80F766A1E795}.Release|Any CPU.Build.0 = Release|Any CPU
		{42CA5CE7-6B07-4099-9CA5-ECC9C0D8B10E}.Debug|Any CPU.ActiveCfg = Debug|Any CPU
		{42CA5CE7-6B07-4099-9CA5-ECC9C0D8B10E}.Debug|Any CPU.Build.0 = Debug|Any CPU
		{42CA5CE7-6B07-4099-9CA5-ECC9C0D8B10E}.Release|Any CPU.ActiveCfg = Release|Any CPU
		{42CA5CE7-6B07-4099-9CA5-ECC9C0D8B10E}.Release|Any CPU.Build.0 = Release|Any CPU
	EndGlobalSection
	GlobalSection(SolutionProperties) = preSolution
		HideSolutionNode = FALSE
	EndGlobalSection
	GlobalSection(ExtensibilityGlobals) = postSolution
		SolutionGuid = {9E314E77-BE60-4585-B4B9-38AA2F4E9EB9}
	EndGlobalSection
EndGlobal
